
Microsoft Visual Studio Solution File, Format Version 12.00
# Visual Studio 2012
Project("{2150E333-8FDC-42A3-9474-1A3956D46DE8}") = "TimeComplexity", "TimeComplexity", "{F0FB36F4-95EE-4AF9-A83A-A6B3801FB93C}"
EndProject
Project("{FAE04EC0-301F-11D3-BF4B-00C04F79EFBC}") = "FrogJmp", "..\TimeComplexity\FrogJmp\FrogJmp.csproj", "{E7D8E9D6-B313-4412-9332-C5C8F0559022}"
EndProject
Project("{FAE04EC0-301F-11D3-BF4B-00C04F79EFBC}") = "FrogJmp.Tests", "..\TimeComplexity\FrogJmp.Tests\FrogJmp.Tests.csproj", "{AE3DEA88-025D-48F8-8352-536D1F731286}"
EndProject
Project("{FAE04EC0-301F-11D3-BF4B-00C04F79EFBC}") = "PermMissingElem", "..\TimeComplexity\PermMissingElem\PermMissingElem.csproj", "{214801F1-752A-4BAF-AF3A-C655344BCE33}"
EndProject
Project("{FAE04EC0-301F-11D3-BF4B-00C04F79EFBC}") = "PermMissingElem.Tests", "..\TimeComplexity\PermMissingElem.Tests\PermMissingElem.Tests.csproj", "{F5CC6C02-C2E6-426A-8C25-A139D567EEC4}"
EndProject
Project("{FAE04EC0-301F-11D3-BF4B-00C04F79EFBC}") = "TapeEquilibrium", "..\TimeComplexity\TapeEquilibrium\TapeEquilibrium.csproj", "{9E771DF8-AE8A-44EF-85E8-28DEE52DEEDC}"
EndProject
Project("{FAE04EC0-301F-11D3-BF4B-00C04F79EFBC}") = "TapeEquilibrium.Tests", "..\TimeComplexity\TapeEquilibrium.Tests\TapeEquilibrium.Tests.csproj", "{6399821A-8B14-4711-B348-049CA657773D}"
EndProject
Project("{FAE04EC0-301F-11D3-BF4B-00C04F79EFBC}") = "PermCheck", "..\CountingElements\PermCheck\PermCheck.csproj", "{C9D0099A-0D0B-4E99-A1CF-8A30CEC411F4}"
EndProject
Project("{2150E333-8FDC-42A3-9474-1A3956D46DE8}") = "CountingElements", "CountingElements", "{65F8DD19-E7C9-4CA6-A3E3-0E4B0C68F1E2}"
EndProject
Project("{FAE04EC0-301F-11D3-BF4B-00C04F79EFBC}") = "PermCheck.Tests", "..\CountingElements\PermCheck.Tests\PermCheck.Tests.csproj", "{E9E670F3-7FAF-497B-BB32-4F26942306E2}"
EndProject
Project("{FAE04EC0-301F-11D3-BF4B-00C04F79EFBC}") = "FrogRiverOne", "..\CountingElements\FrogRiverOne\FrogRiverOne.csproj", "{F4C39180-E8B0-40A5-86CE-124789859FBE}"
EndProject
Project("{FAE04EC0-301F-11D3-BF4B-00C04F79EFBC}") = "MaxCounter", "..\CountingElements\MaxCounter\MaxCounter.csproj", "{F883C711-DA12-4598-BDDE-56A02A5DC72B}"
EndProject
Project("{2150E333-8FDC-42A3-9474-1A3956D46DE8}") = "PrefixSums", "PrefixSums", "{E0B08A36-583C-4033-BA6B-0B368620BE66}"
EndProject
Project("{FAE04EC0-301F-11D3-BF4B-00C04F79EFBC}") = "PassingCars", "..\PrefixSums\PassingCars\PassingCars.csproj", "{62959AC5-BAEB-4D80-8325-364CD648DD4E}"
EndProject
Global
	GlobalSection(SolutionConfigurationPlatforms) = preSolution
		Debug|Any CPU = Debug|Any CPU
		Release|Any CPU = Release|Any CPU
	EndGlobalSection
	GlobalSection(ProjectConfigurationPlatforms) = postSolution
		{E7D8E9D6-B313-4412-9332-C5C8F0559022}.Debug|Any CPU.ActiveCfg = Debug|Any CPU
		{E7D8E9D6-B313-4412-9332-C5C8F0559022}.Debug|Any CPU.Build.0 = Debug|Any CPU
		{E7D8E9D6-B313-4412-9332-C5C8F0559022}.Release|Any CPU.ActiveCfg = Release|Any CPU
		{E7D8E9D6-B313-4412-9332-C5C8F0559022}.Release|Any CPU.Build.0 = Release|Any CPU
		{AE3DEA88-025D-48F8-8352-536D1F731286}.Debug|Any CPU.ActiveCfg = Debug|Any CPU
		{AE3DEA88-025D-48F8-8352-536D1F731286}.Debug|Any CPU.Build.0 = Debug|Any CPU
		{AE3DEA88-025D-48F8-8352-536D1F731286}.Release|Any CPU.ActiveCfg = Release|Any CPU
		{AE3DEA88-025D-48F8-8352-536D1F731286}.Release|Any CPU.Build.0 = Release|Any CPU
		{214801F1-752A-4BAF-AF3A-C655344BCE33}.Debug|Any CPU.ActiveCfg = Debug|Any CPU
		{214801F1-752A-4BAF-AF3A-C655344BCE33}.Debug|Any CPU.Build.0 = Debug|Any CPU
		{214801F1-752A-4BAF-AF3A-C655344BCE33}.Release|Any CPU.ActiveCfg = Release|Any CPU
		{214801F1-752A-4BAF-AF3A-C655344BCE33}.Release|Any CPU.Build.0 = Release|Any CPU
		{F5CC6C02-C2E6-426A-8C25-A139D567EEC4}.Debug|Any CPU.ActiveCfg = Debug|Any CPU
		{F5CC6C02-C2E6-426A-8C25-A139D567EEC4}.Debug|Any CPU.Build.0 = Debug|Any CPU
		{F5CC6C02-C2E6-426A-8C25-A139D567EEC4}.Release|Any CPU.ActiveCfg = Release|Any CPU
		{F5CC6C02-C2E6-426A-8C25-A139D567EEC4}.Release|Any CPU.Build.0 = Release|Any CPU
		{9E771DF8-AE8A-44EF-85E8-28DEE52DEEDC}.Debug|Any CPU.ActiveCfg = Debug|Any CPU
		{9E771DF8-AE8A-44EF-85E8-28DEE52DEEDC}.Debug|Any CPU.Build.0 = Debug|Any CPU
		{9E771DF8-AE8A-44EF-85E8-28DEE52DEEDC}.Release|Any CPU.ActiveCfg = Release|Any CPU
		{9E771DF8-AE8A-44EF-85E8-28DEE52DEEDC}.Release|Any CPU.Build.0 = Release|Any CPU
		{6399821A-8B14-4711-B348-049CA657773D}.Debug|Any CPU.ActiveCfg = Debug|Any CPU
		{6399821A-8B14-4711-B348-049CA657773D}.Debug|Any CPU.Build.0 = Debug|Any CPU
		{6399821A-8B14-4711-B348-049CA657773D}.Release|Any CPU.ActiveCfg = Release|Any CPU
		{6399821A-8B14-4711-B348-049CA657773D}.Release|Any CPU.Build.0 = Release|Any CPU
		{C9D0099A-0D0B-4E99-A1CF-8A30CEC411F4}.Debug|Any CPU.ActiveCfg = Debug|Any CPU
		{C9D0099A-0D0B-4E99-A1CF-8A30CEC411F4}.Debug|Any CPU.Build.0 = Debug|Any CPU
		{C9D0099A-0D0B-4E99-A1CF-8A30CEC411F4}.Release|Any CPU.ActiveCfg = Release|Any CPU
		{C9D0099A-0D0B-4E99-A1CF-8A30CEC411F4}.Release|Any CPU.Build.0 = Release|Any CPU
		{E9E670F3-7FAF-497B-BB32-4F26942306E2}.Debug|Any CPU.ActiveCfg = Debug|Any CPU
		{E9E670F3-7FAF-497B-BB32-4F26942306E2}.Debug|Any CPU.Build.0 = Debug|Any CPU
		{E9E670F3-7FAF-497B-BB32-4F26942306E2}.Release|Any CPU.ActiveCfg = Release|Any CPU
		{E9E670F3-7FAF-497B-BB32-4F26942306E2}.Release|Any CPU.Build.0 = Release|Any CPU
		{F4C39180-E8B0-40A5-86CE-124789859FBE}.Debug|Any CPU.ActiveCfg = Debug|Any CPU
		{F4C39180-E8B0-40A5-86CE-124789859FBE}.Debug|Any CPU.Build.0 = Debug|Any CPU
		{F4C39180-E8B0-40A5-86CE-124789859FBE}.Release|Any CPU.ActiveCfg = Release|Any CPU
		{F4C39180-E8B0-40A5-86CE-124789859FBE}.Release|Any CPU.Build.0 = Release|Any CPU
		{F883C711-DA12-4598-BDDE-56A02A5DC72B}.Debug|Any CPU.ActiveCfg = Debug|Any CPU
		{F883C711-DA12-4598-BDDE-56A02A5DC72B}.Debug|Any CPU.Build.0 = Debug|Any CPU
		{F883C711-DA12-4598-BDDE-56A02A5DC72B}.Release|Any CPU.ActiveCfg = Release|Any CPU
		{F883C711-DA12-4598-BDDE-56A02A5DC72B}.Release|Any CPU.Build.0 = Release|Any CPU
		{62959AC5-BAEB-4D80-8325-364CD648DD4E}.Debug|Any CPU.ActiveCfg = Debug|Any CPU
		{62959AC5-BAEB-4D80-8325-364CD648DD4E}.Debug|Any CPU.Build.0 = Debug|Any CPU
		{62959AC5-BAEB-4D80-8325-364CD648DD4E}.Release|Any CPU.ActiveCfg = Release|Any CPU
		{62959AC5-BAEB-4D80-8325-364CD648DD4E}.Release|Any CPU.Build.0 = Release|Any CPU
	EndGlobalSection
	GlobalSection(SolutionProperties) = preSolution
		HideSolutionNode = FALSE
	EndGlobalSection
	GlobalSection(NestedProjects) = preSolution
		{E7D8E9D6-B313-4412-9332-C5C8F0559022} = {F0FB36F4-95EE-4AF9-A83A-A6B3801FB93C}
		{AE3DEA88-025D-48F8-8352-536D1F731286} = {F0FB36F4-95EE-4AF9-A83A-A6B3801FB93C}
		{214801F1-752A-4BAF-AF3A-C655344BCE33} = {F0FB36F4-95EE-4AF9-A83A-A6B3801FB93C}
		{F5CC6C02-C2E6-426A-8C25-A139D567EEC4} = {F0FB36F4-95EE-4AF9-A83A-A6B3801FB93C}
		{9E771DF8-AE8A-44EF-85E8-28DEE52DEEDC} = {F0FB36F4-95EE-4AF9-A83A-A6B3801FB93C}
		{6399821A-8B14-4711-B348-049CA657773D} = {F0FB36F4-95EE-4AF9-A83A-A6B3801FB93C}
		{C9D0099A-0D0B-4E99-A1CF-8A30CEC411F4} = {65F8DD19-E7C9-4CA6-A3E3-0E4B0C68F1E2}
		{E9E670F3-7FAF-497B-BB32-4F26942306E2} = {65F8DD19-E7C9-4CA6-A3E3-0E4B0C68F1E2}
		{F4C39180-E8B0-40A5-86CE-124789859FBE} = {65F8DD19-E7C9-4CA6-A3E3-0E4B0C68F1E2}
		{F883C711-DA12-4598-BDDE-56A02A5DC72B} = {65F8DD19-E7C9-4CA6-A3E3-0E4B0C68F1E2}
		{62959AC5-BAEB-4D80-8325-364CD648DD4E} = {E0B08A36-583C-4033-BA6B-0B368620BE66}
	EndGlobalSection
EndGlobal
