
Microsoft Visual Studio Solution File, Format Version 12.00
# Visual Studio 2012
Project("{2150E333-8FDC-42A3-9474-1A3956D46DE8}") = "TimeComplexity", "TimeComplexity", "{F0FB36F4-95EE-4AF9-A83A-A6B3801FB93C}"
EndProject
Project("{FAE04EC0-301F-11D3-BF4B-00C04F79EFBC}") = "FrogJmp", "..\TimeComplexity\FrogJmp\FrogJmp.csproj", "{E7D8E9D6-B313-4412-9332-C5C8F0559022}"
EndProject
Project("{FAE04EC0-301F-11D3-BF4B-00C04F79EFBC}") = "FrogJmp.Tests", "..\TimeComplexity\FrogJmp.Tests\FrogJmp.Tests.csproj", "{AE3DEA88-025D-48F8-8352-536D1F731286}"
EndProject
Project("{FAE04EC0-301F-11D3-BF4B-00C04F79EFBC}") = "PermMissingElem", "..\TimeComplexity\PermMissingElem\PermMissingElem.csproj", "{214801F1-752A-4BAF-AF3A-C655344BCE33}"
EndProject
Project("{FAE04EC0-301F-11D3-BF4B-00C04F79EFBC}") = "PermMissingElem.Tests", "..\TimeComplexity\PermMissingElem.Tests\PermMissingElem.Tests.csproj", "{F5CC6C02-C2E6-426A-8C25-A139D567EEC4}"
EndProject
Project("{FAE04EC0-301F-11D3-BF4B-00C04F79EFBC}") = "TapeEquilibrium", "..\TimeComplexity\TapeEquilibrium\TapeEquilibrium.csproj", "{9E771DF8-AE8A-44EF-85E8-28DEE52DEEDC}"
EndProject
Project("{FAE04EC0-301F-11D3-BF4B-00C04F79EFBC}") = "TapeEquilibrium.Tests", "..\TimeComplexity\TapeEquilibrium.Tests\TapeEquilibrium.Tests.csproj", "{6399821A-8B14-4711-B348-049CA657773D}"
EndProject
Project("{FAE04EC0-301F-11D3-BF4B-00C04F79EFBC}") = "PermCheck", "..\CountingElements\PermCheck\PermCheck.csproj", "{C9D0099A-0D0B-4E99-A1CF-8A30CEC411F4}"
EndProject
Project("{2150E333-8FDC-42A3-9474-1A3956D46DE8}") = "CountingElements", "CountingElements", "{65F8DD19-E7C9-4CA6-A3E3-0E4B0C68F1E2}"
EndProject
Project("{FAE04EC0-301F-11D3-BF4B-00C04F79EFBC}") = "PermCheck.Tests", "..\CountingElements\PermCheck.Tests\PermCheck.Tests.csproj", "{E9E670F3-7FAF-497B-BB32-4F26942306E2}"
EndProject
Project("{FAE04EC0-301F-11D3-BF4B-00C04F79EFBC}") = "FrogRiverOne", "..\CountingElements\FrogRiverOne\FrogRiverOne.csproj", "{F4C39180-E8B0-40A5-86CE-124789859FBE}"
EndProject
Project("{FAE04EC0-301F-11D3-BF4B-00C04F79EFBC}") = "MaxCounter", "..\CountingElements\MaxCounter\MaxCounter.csproj", "{F883C711-DA12-4598-BDDE-56A02A5DC72B}"
EndProject
Project("{2150E333-8FDC-42A3-9474-1A3956D46DE8}") = "PrefixSums", "PrefixSums", "{E0B08A36-583C-4033-BA6B-0B368620BE66}"
EndProject
Project("{FAE04EC0-301F-11D3-BF4B-00C04F79EFBC}") = "PassingCars", "..\PrefixSums\PassingCars\PassingCars.csproj", "{62959AC5-BAEB-4D80-8325-364CD648DD4E}"
EndProject
Project("{FAE04EC0-301F-11D3-BF4B-00C04F79EFBC}") = "GenomicRangeQuery", "..\PrefixSums\GenomicRangeQuery\GenomicRangeQuery.csproj", "{73B7E063-1250-422D-B747-4486F45EF370}"
EndProject
Project("{2150E333-8FDC-42A3-9474-1A3956D46DE8}") = "Sorting", "Sorting", "{2C605020-8F5B-496F-A7FD-32EE797E1F82}"
EndProject
Project("{FAE04EC0-301F-11D3-BF4B-00C04F79EFBC}") = "Triangle", "..\Sorting\Triangle\Triangle.csproj", "{83749896-F1D6-4EF3-A3BE-2AFFDDBD41E7}"
EndProject
Project("{FAE04EC0-301F-11D3-BF4B-00C04F79EFBC}") = "MaxProductOfThree", "..\Sorting\MaxProductOfThree\MaxProductOfThree.csproj", "{C225C08D-D4B8-4269-9C2A-A5D04AADD564}"
EndProject
Project("{FAE04EC0-301F-11D3-BF4B-00C04F79EFBC}") = "NumberOfDiscIntersections", "..\Sorting\NumberOfDiscIntersections\NumberOfDiscIntersections.csproj", "{0BB7AAAD-C766-4621-B5EF-621127CDE970}"
EndProject
Project("{2150E333-8FDC-42A3-9474-1A3956D46DE8}") = "StacksAndQueues", "StacksAndQueues", "{044B87D7-BBB2-42DB-B2E5-CFE0CDFDDBE6}"
EndProject
Project("{FAE04EC0-301F-11D3-BF4B-00C04F79EFBC}") = "Brackets", "..\StacksAndQueues\Brackets\Brackets.csproj", "{0F010B38-5680-40E1-B891-9AE085A092FB}"
EndProject
Project("{FAE04EC0-301F-11D3-BF4B-00C04F79EFBC}") = "Fish", "..\StacksAndQueues\Fish\Fish.csproj", "{FCE395B0-A416-4260-9311-980CBFAEF7BA}"
EndProject
Project("{FAE04EC0-301F-11D3-BF4B-00C04F79EFBC}") = "MissingInteger", "..\CountingElements\MissingInteger\MissingInteger.csproj", "{269F9B40-4943-4B59-936A-0896B463FED6}"
EndProject
Project("{FAE04EC0-301F-11D3-BF4B-00C04F79EFBC}") = "MinAvgTwoSlice", "..\PrefixSums\MinAvgTwoSlice\MinAvgTwoSlice.csproj", "{424574D8-D50F-4D90-A432-5718C3044DBE}"
EndProject
Project("{FAE04EC0-301F-11D3-BF4B-00C04F79EFBC}") = "Distinct", "..\Sorting\Distinct\Distinct.csproj", "{D86F6B99-F58B-48C0-A420-BED3AB484D7B}"
EndProject
Project("{FAE04EC0-301F-11D3-BF4B-00C04F79EFBC}") = "nesting", "..\StacksAndQueues\nesting\nesting.csproj", "{08593F1F-0CC3-4A42-9659-52C45FFEB0EE}"
EndProject
Project("{FAE04EC0-301F-11D3-BF4B-00C04F79EFBC}") = "CountDiv", "..\PrefixSums\CountDiv\CountDiv.csproj", "{7ECF10A7-C130-4E64-A73D-7EC18392E678}"
EndProject
Project("{FAE04EC0-301F-11D3-BF4B-00C04F79EFBC}") = "stonewall", "..\StacksAndQueues\stonewall\stonewall.csproj", "{9CED8A53-57D0-4E23-8451-1A5722ECE65A}"
EndProject
Project("{2150E333-8FDC-42A3-9474-1A3956D46DE8}") = "Leader", "Leader", "{814D08DA-B2CA-4FCE-AA96-112DB33E438A}"
EndProject
Project("{FAE04EC0-301F-11D3-BF4B-00C04F79EFBC}") = "dominator", "..\Leader\dominator\dominator.csproj", "{EED4B67F-F2C3-4D36-B03B-E817C292FD7A}"
EndProject
Project("{FAE04EC0-301F-11D3-BF4B-00C04F79EFBC}") = "equileader", "..\Leader\equileader\equileader.csproj", "{0CE9BB45-F197-41D5-9799-CA62A0AD1F46}"
EndProject
Global
	GlobalSection(SolutionConfigurationPlatforms) = preSolution
		Debug|Any CPU = Debug|Any CPU
		Release|Any CPU = Release|Any CPU
	EndGlobalSection
	GlobalSection(ProjectConfigurationPlatforms) = postSolution
		{E7D8E9D6-B313-4412-9332-C5C8F0559022}.Debug|Any CPU.ActiveCfg = Debug|Any CPU
		{E7D8E9D6-B313-4412-9332-C5C8F0559022}.Debug|Any CPU.Build.0 = Debug|Any CPU
		{E7D8E9D6-B313-4412-9332-C5C8F0559022}.Release|Any CPU.ActiveCfg = Release|Any CPU
		{E7D8E9D6-B313-4412-9332-C5C8F0559022}.Release|Any CPU.Build.0 = Release|Any CPU
		{AE3DEA88-025D-48F8-8352-536D1F731286}.Debug|Any CPU.ActiveCfg = Debug|Any CPU
		{AE3DEA88-025D-48F8-8352-536D1F731286}.Debug|Any CPU.Build.0 = Debug|Any CPU
		{AE3DEA88-025D-48F8-8352-536D1F731286}.Release|Any CPU.ActiveCfg = Release|Any CPU
		{AE3DEA88-025D-48F8-8352-536D1F731286}.Release|Any CPU.Build.0 = Release|Any CPU
		{214801F1-752A-4BAF-AF3A-C655344BCE33}.Debug|Any CPU.ActiveCfg = Debug|Any CPU
		{214801F1-752A-4BAF-AF3A-C655344BCE33}.Debug|Any CPU.Build.0 = Debug|Any CPU
		{214801F1-752A-4BAF-AF3A-C655344BCE33}.Release|Any CPU.ActiveCfg = Release|Any CPU
		{214801F1-752A-4BAF-AF3A-C655344BCE33}.Release|Any CPU.Build.0 = Release|Any CPU
		{F5CC6C02-C2E6-426A-8C25-A139D567EEC4}.Debug|Any CPU.ActiveCfg = Debug|Any CPU
		{F5CC6C02-C2E6-426A-8C25-A139D567EEC4}.Debug|Any CPU.Build.0 = Debug|Any CPU
		{F5CC6C02-C2E6-426A-8C25-A139D567EEC4}.Release|Any CPU.ActiveCfg = Release|Any CPU
		{F5CC6C02-C2E6-426A-8C25-A139D567EEC4}.Release|Any CPU.Build.0 = Release|Any CPU
		{9E771DF8-AE8A-44EF-85E8-28DEE52DEEDC}.Debug|Any CPU.ActiveCfg = Debug|Any CPU
		{9E771DF8-AE8A-44EF-85E8-28DEE52DEEDC}.Debug|Any CPU.Build.0 = Debug|Any CPU
		{9E771DF8-AE8A-44EF-85E8-28DEE52DEEDC}.Release|Any CPU.ActiveCfg = Release|Any CPU
		{9E771DF8-AE8A-44EF-85E8-28DEE52DEEDC}.Release|Any CPU.Build.0 = Release|Any CPU
		{6399821A-8B14-4711-B348-049CA657773D}.Debug|Any CPU.ActiveCfg = Debug|Any CPU
		{6399821A-8B14-4711-B348-049CA657773D}.Debug|Any CPU.Build.0 = Debug|Any CPU
		{6399821A-8B14-4711-B348-049CA657773D}.Release|Any CPU.ActiveCfg = Release|Any CPU
		{6399821A-8B14-4711-B348-049CA657773D}.Release|Any CPU.Build.0 = Release|Any CPU
		{C9D0099A-0D0B-4E99-A1CF-8A30CEC411F4}.Debug|Any CPU.ActiveCfg = Debug|Any CPU
		{C9D0099A-0D0B-4E99-A1CF-8A30CEC411F4}.Debug|Any CPU.Build.0 = Debug|Any CPU
		{C9D0099A-0D0B-4E99-A1CF-8A30CEC411F4}.Release|Any CPU.ActiveCfg = Release|Any CPU
		{C9D0099A-0D0B-4E99-A1CF-8A30CEC411F4}.Release|Any CPU.Build.0 = Release|Any CPU
		{E9E670F3-7FAF-497B-BB32-4F26942306E2}.Debug|Any CPU.ActiveCfg = Debug|Any CPU
		{E9E670F3-7FAF-497B-BB32-4F26942306E2}.Debug|Any CPU.Build.0 = Debug|Any CPU
		{E9E670F3-7FAF-497B-BB32-4F26942306E2}.Release|Any CPU.ActiveCfg = Release|Any CPU
		{E9E670F3-7FAF-497B-BB32-4F26942306E2}.Release|Any CPU.Build.0 = Release|Any CPU
		{F4C39180-E8B0-40A5-86CE-124789859FBE}.Debug|Any CPU.ActiveCfg = Debug|Any CPU
		{F4C39180-E8B0-40A5-86CE-124789859FBE}.Debug|Any CPU.Build.0 = Debug|Any CPU
		{F4C39180-E8B0-40A5-86CE-124789859FBE}.Release|Any CPU.ActiveCfg = Release|Any CPU
		{F4C39180-E8B0-40A5-86CE-124789859FBE}.Release|Any CPU.Build.0 = Release|Any CPU
		{F883C711-DA12-4598-BDDE-56A02A5DC72B}.Debug|Any CPU.ActiveCfg = Debug|Any CPU
		{F883C711-DA12-4598-BDDE-56A02A5DC72B}.Debug|Any CPU.Build.0 = Debug|Any CPU
		{F883C711-DA12-4598-BDDE-56A02A5DC72B}.Release|Any CPU.ActiveCfg = Release|Any CPU
		{F883C711-DA12-4598-BDDE-56A02A5DC72B}.Release|Any CPU.Build.0 = Release|Any CPU
		{62959AC5-BAEB-4D80-8325-364CD648DD4E}.Debug|Any CPU.ActiveCfg = Debug|Any CPU
		{62959AC5-BAEB-4D80-8325-364CD648DD4E}.Debug|Any CPU.Build.0 = Debug|Any CPU
		{62959AC5-BAEB-4D80-8325-364CD648DD4E}.Release|Any CPU.ActiveCfg = Release|Any CPU
		{62959AC5-BAEB-4D80-8325-364CD648DD4E}.Release|Any CPU.Build.0 = Release|Any CPU
		{73B7E063-1250-422D-B747-4486F45EF370}.Debug|Any CPU.ActiveCfg = Debug|Any CPU
		{73B7E063-1250-422D-B747-4486F45EF370}.Debug|Any CPU.Build.0 = Debug|Any CPU
		{73B7E063-1250-422D-B747-4486F45EF370}.Release|Any CPU.ActiveCfg = Release|Any CPU
		{73B7E063-1250-422D-B747-4486F45EF370}.Release|Any CPU.Build.0 = Release|Any CPU
		{83749896-F1D6-4EF3-A3BE-2AFFDDBD41E7}.Debug|Any CPU.ActiveCfg = Debug|Any CPU
		{83749896-F1D6-4EF3-A3BE-2AFFDDBD41E7}.Debug|Any CPU.Build.0 = Debug|Any CPU
		{83749896-F1D6-4EF3-A3BE-2AFFDDBD41E7}.Release|Any CPU.ActiveCfg = Release|Any CPU
		{83749896-F1D6-4EF3-A3BE-2AFFDDBD41E7}.Release|Any CPU.Build.0 = Release|Any CPU
		{C225C08D-D4B8-4269-9C2A-A5D04AADD564}.Debug|Any CPU.ActiveCfg = Debug|Any CPU
		{C225C08D-D4B8-4269-9C2A-A5D04AADD564}.Debug|Any CPU.Build.0 = Debug|Any CPU
		{C225C08D-D4B8-4269-9C2A-A5D04AADD564}.Release|Any CPU.ActiveCfg = Release|Any CPU
		{C225C08D-D4B8-4269-9C2A-A5D04AADD564}.Release|Any CPU.Build.0 = Release|Any CPU
		{0BB7AAAD-C766-4621-B5EF-621127CDE970}.Debug|Any CPU.ActiveCfg = Debug|Any CPU
		{0BB7AAAD-C766-4621-B5EF-621127CDE970}.Debug|Any CPU.Build.0 = Debug|Any CPU
		{0BB7AAAD-C766-4621-B5EF-621127CDE970}.Release|Any CPU.ActiveCfg = Release|Any CPU
		{0BB7AAAD-C766-4621-B5EF-621127CDE970}.Release|Any CPU.Build.0 = Release|Any CPU
		{0F010B38-5680-40E1-B891-9AE085A092FB}.Debug|Any CPU.ActiveCfg = Debug|Any CPU
		{0F010B38-5680-40E1-B891-9AE085A092FB}.Debug|Any CPU.Build.0 = Debug|Any CPU
		{0F010B38-5680-40E1-B891-9AE085A092FB}.Release|Any CPU.ActiveCfg = Release|Any CPU
		{0F010B38-5680-40E1-B891-9AE085A092FB}.Release|Any CPU.Build.0 = Release|Any CPU
		{FCE395B0-A416-4260-9311-980CBFAEF7BA}.Debug|Any CPU.ActiveCfg = Debug|Any CPU
		{FCE395B0-A416-4260-9311-980CBFAEF7BA}.Debug|Any CPU.Build.0 = Debug|Any CPU
		{FCE395B0-A416-4260-9311-980CBFAEF7BA}.Release|Any CPU.ActiveCfg = Release|Any CPU
		{FCE395B0-A416-4260-9311-980CBFAEF7BA}.Release|Any CPU.Build.0 = Release|Any CPU
		{269F9B40-4943-4B59-936A-0896B463FED6}.Debug|Any CPU.ActiveCfg = Debug|Any CPU
		{269F9B40-4943-4B59-936A-0896B463FED6}.Debug|Any CPU.Build.0 = Debug|Any CPU
		{269F9B40-4943-4B59-936A-0896B463FED6}.Release|Any CPU.ActiveCfg = Release|Any CPU
		{269F9B40-4943-4B59-936A-0896B463FED6}.Release|Any CPU.Build.0 = Release|Any CPU
		{424574D8-D50F-4D90-A432-5718C3044DBE}.Debug|Any CPU.ActiveCfg = Debug|Any CPU
		{424574D8-D50F-4D90-A432-5718C3044DBE}.Debug|Any CPU.Build.0 = Debug|Any CPU
		{424574D8-D50F-4D90-A432-5718C3044DBE}.Release|Any CPU.ActiveCfg = Release|Any CPU
		{424574D8-D50F-4D90-A432-5718C3044DBE}.Release|Any CPU.Build.0 = Release|Any CPU
		{D86F6B99-F58B-48C0-A420-BED3AB484D7B}.Debug|Any CPU.ActiveCfg = Debug|Any CPU
		{D86F6B99-F58B-48C0-A420-BED3AB484D7B}.Debug|Any CPU.Build.0 = Debug|Any CPU
		{D86F6B99-F58B-48C0-A420-BED3AB484D7B}.Release|Any CPU.ActiveCfg = Release|Any CPU
		{D86F6B99-F58B-48C0-A420-BED3AB484D7B}.Release|Any CPU.Build.0 = Release|Any CPU
		{08593F1F-0CC3-4A42-9659-52C45FFEB0EE}.Debug|Any CPU.ActiveCfg = Debug|Any CPU
		{08593F1F-0CC3-4A42-9659-52C45FFEB0EE}.Debug|Any CPU.Build.0 = Debug|Any CPU
		{08593F1F-0CC3-4A42-9659-52C45FFEB0EE}.Release|Any CPU.ActiveCfg = Release|Any CPU
		{08593F1F-0CC3-4A42-9659-52C45FFEB0EE}.Release|Any CPU.Build.0 = Release|Any CPU
		{7ECF10A7-C130-4E64-A73D-7EC18392E678}.Debug|Any CPU.ActiveCfg = Debug|Any CPU
		{7ECF10A7-C130-4E64-A73D-7EC18392E678}.Debug|Any CPU.Build.0 = Debug|Any CPU
		{7ECF10A7-C130-4E64-A73D-7EC18392E678}.Release|Any CPU.ActiveCfg = Release|Any CPU
		{7ECF10A7-C130-4E64-A73D-7EC18392E678}.Release|Any CPU.Build.0 = Release|Any CPU
		{9CED8A53-57D0-4E23-8451-1A5722ECE65A}.Debug|Any CPU.ActiveCfg = Debug|Any CPU
		{9CED8A53-57D0-4E23-8451-1A5722ECE65A}.Debug|Any CPU.Build.0 = Debug|Any CPU
		{9CED8A53-57D0-4E23-8451-1A5722ECE65A}.Release|Any CPU.ActiveCfg = Release|Any CPU
		{9CED8A53-57D0-4E23-8451-1A5722ECE65A}.Release|Any CPU.Build.0 = Release|Any CPU
		{EED4B67F-F2C3-4D36-B03B-E817C292FD7A}.Debug|Any CPU.ActiveCfg = Debug|Any CPU
		{EED4B67F-F2C3-4D36-B03B-E817C292FD7A}.Debug|Any CPU.Build.0 = Debug|Any CPU
		{EED4B67F-F2C3-4D36-B03B-E817C292FD7A}.Release|Any CPU.ActiveCfg = Release|Any CPU
		{EED4B67F-F2C3-4D36-B03B-E817C292FD7A}.Release|Any CPU.Build.0 = Release|Any CPU
		{0CE9BB45-F197-41D5-9799-CA62A0AD1F46}.Debug|Any CPU.ActiveCfg = Debug|Any CPU
		{0CE9BB45-F197-41D5-9799-CA62A0AD1F46}.Debug|Any CPU.Build.0 = Debug|Any CPU
		{0CE9BB45-F197-41D5-9799-CA62A0AD1F46}.Release|Any CPU.ActiveCfg = Release|Any CPU
		{0CE9BB45-F197-41D5-9799-CA62A0AD1F46}.Release|Any CPU.Build.0 = Release|Any CPU
	EndGlobalSection
	GlobalSection(SolutionProperties) = preSolution
		HideSolutionNode = FALSE
	EndGlobalSection
	GlobalSection(NestedProjects) = preSolution
		{E7D8E9D6-B313-4412-9332-C5C8F0559022} = {F0FB36F4-95EE-4AF9-A83A-A6B3801FB93C}
		{AE3DEA88-025D-48F8-8352-536D1F731286} = {F0FB36F4-95EE-4AF9-A83A-A6B3801FB93C}
		{214801F1-752A-4BAF-AF3A-C655344BCE33} = {F0FB36F4-95EE-4AF9-A83A-A6B3801FB93C}
		{F5CC6C02-C2E6-426A-8C25-A139D567EEC4} = {F0FB36F4-95EE-4AF9-A83A-A6B3801FB93C}
		{9E771DF8-AE8A-44EF-85E8-28DEE52DEEDC} = {F0FB36F4-95EE-4AF9-A83A-A6B3801FB93C}
		{6399821A-8B14-4711-B348-049CA657773D} = {F0FB36F4-95EE-4AF9-A83A-A6B3801FB93C}
		{C9D0099A-0D0B-4E99-A1CF-8A30CEC411F4} = {65F8DD19-E7C9-4CA6-A3E3-0E4B0C68F1E2}
		{E9E670F3-7FAF-497B-BB32-4F26942306E2} = {65F8DD19-E7C9-4CA6-A3E3-0E4B0C68F1E2}
		{F4C39180-E8B0-40A5-86CE-124789859FBE} = {65F8DD19-E7C9-4CA6-A3E3-0E4B0C68F1E2}
		{F883C711-DA12-4598-BDDE-56A02A5DC72B} = {65F8DD19-E7C9-4CA6-A3E3-0E4B0C68F1E2}
		{269F9B40-4943-4B59-936A-0896B463FED6} = {65F8DD19-E7C9-4CA6-A3E3-0E4B0C68F1E2}
		{62959AC5-BAEB-4D80-8325-364CD648DD4E} = {E0B08A36-583C-4033-BA6B-0B368620BE66}
		{73B7E063-1250-422D-B747-4486F45EF370} = {E0B08A36-583C-4033-BA6B-0B368620BE66}
		{424574D8-D50F-4D90-A432-5718C3044DBE} = {E0B08A36-583C-4033-BA6B-0B368620BE66}
		{7ECF10A7-C130-4E64-A73D-7EC18392E678} = {E0B08A36-583C-4033-BA6B-0B368620BE66}
		{83749896-F1D6-4EF3-A3BE-2AFFDDBD41E7} = {2C605020-8F5B-496F-A7FD-32EE797E1F82}
		{C225C08D-D4B8-4269-9C2A-A5D04AADD564} = {2C605020-8F5B-496F-A7FD-32EE797E1F82}
		{0BB7AAAD-C766-4621-B5EF-621127CDE970} = {2C605020-8F5B-496F-A7FD-32EE797E1F82}
		{D86F6B99-F58B-48C0-A420-BED3AB484D7B} = {2C605020-8F5B-496F-A7FD-32EE797E1F82}
		{0F010B38-5680-40E1-B891-9AE085A092FB} = {044B87D7-BBB2-42DB-B2E5-CFE0CDFDDBE6}
		{FCE395B0-A416-4260-9311-980CBFAEF7BA} = {044B87D7-BBB2-42DB-B2E5-CFE0CDFDDBE6}
		{08593F1F-0CC3-4A42-9659-52C45FFEB0EE} = {044B87D7-BBB2-42DB-B2E5-CFE0CDFDDBE6}
		{9CED8A53-57D0-4E23-8451-1A5722ECE65A} = {044B87D7-BBB2-42DB-B2E5-CFE0CDFDDBE6}
		{EED4B67F-F2C3-4D36-B03B-E817C292FD7A} = {814D08DA-B2CA-4FCE-AA96-112DB33E438A}
		{0CE9BB45-F197-41D5-9799-CA62A0AD1F46} = {814D08DA-B2CA-4FCE-AA96-112DB33E438A}
	EndGlobalSection
EndGlobal
